
Microsoft Visual Studio Solution File, Format Version 12.00
# Visual Studio Version 16
VisualStudioVersion = 25.0.1700.0
MinimumVisualStudioVersion = 10.0.40219.1
Project("{FAE04EC0-301F-11D3-BF4B-00C04F79EFBC}") = "APIGateway_Ocalet_31", "APIGateway_Ocalet_31.csproj", "{8EB582F6-0EBD-4C74-A321-305F5BC15F72}"
EndProject
Global
	GlobalSection(SolutionConfigurationPlatforms) = preSolution
		Debug|Any CPU = Debug|Any CPU
		Release|Any CPU = Release|Any CPU
	EndGlobalSection
	GlobalSection(ProjectConfigurationPlatforms) = postSolution
		{8EB582F6-0EBD-4C74-A321-305F5BC15F72}.Debug|Any CPU.ActiveCfg = Debug|Any CPU
		{8EB582F6-0EBD-4C74-A321-305F5BC15F72}.Debug|Any CPU.Build.0 = Debug|Any CPU
		{8EB582F6-0EBD-4C74-A321-305F5BC15F72}.Release|Any CPU.ActiveCfg = Release|Any CPU
		{8EB582F6-0EBD-4C74-A321-305F5BC15F72}.Release|Any CPU.Build.0 = Release|Any CPU
	EndGlobalSection
	GlobalSection(SolutionProperties) = preSolution
		HideSolutionNode = FALSE
	EndGlobalSection
	GlobalSection(ExtensibilityGlobals) = postSolution
		SolutionGuid = {5661048D-ABB3-44D5-AAA6-A79FD3E95531}
	EndGlobalSection
EndGlobal
